
Microsoft Visual Studio Solution File, Format Version 12.00
# Visual Studio 14
VisualStudioVersion = 14.0.25420.1
MinimumVisualStudioVersion = 10.0.40219.1
Project("{FAE04EC0-301F-11D3-BF4B-00C04F79EFBC}") = "NinjaDomain.Classes", "NinjaDomain.Classes\NinjaDomain.Classes.csproj", "{CC137ED5-6CB3-4284-80BF-F4185D242A09}"
EndProject
Project("{FAE04EC0-301F-11D3-BF4B-00C04F79EFBC}") = "NinjaDomain.DataModel", "NinjaDomain.DataModel\NinjaDomain.DataModel.csproj", "{650D01ED-3AB4-420E-AA8D-C3F6DA32C0B9}"
EndProject
Project("{FAE04EC0-301F-11D3-BF4B-00C04F79EFBC}") = "EDMXFromDB", "EDMXFromDB\EDMXFromDB.csproj", "{68A49437-E57A-4C89-AFAE-1A5E9E986918}"
EndProject
Project("{FAE04EC0-301F-11D3-BF4B-00C04F79EFBC}") = "CodeModelFromDB", "CodeModelFromDB\CodeModelFromDB.csproj", "{BA14994D-C280-421C-B480-A17161993B32}"
EndProject
Project("{FAE04EC0-301F-11D3-BF4B-00C04F79EFBC}") = "ConsoleApplication", "ConsoleApplication\ConsoleApplication.csproj", "{37F460F0-5569-4A61-80C3-FC5A196E23D7}"
EndProject
Project("{FAE04EC0-301F-11D3-BF4B-00C04F79EFBC}") = "UAEUMaps.Classes", "UAEUMaps.Classes\UAEUMaps.Classes.csproj", "{8B5AA7F2-031C-40F3-BA87-42CFF70AF9E2}"
EndProject
Global
	GlobalSection(SolutionConfigurationPlatforms) = preSolution
		Debug|Any CPU = Debug|Any CPU
		Release|Any CPU = Release|Any CPU
	EndGlobalSection
	GlobalSection(ProjectConfigurationPlatforms) = postSolution
		{CC137ED5-6CB3-4284-80BF-F4185D242A09}.Debug|Any CPU.ActiveCfg = Debug|Any CPU
		{CC137ED5-6CB3-4284-80BF-F4185D242A09}.Debug|Any CPU.Build.0 = Debug|Any CPU
		{CC137ED5-6CB3-4284-80BF-F4185D242A09}.Release|Any CPU.ActiveCfg = Release|Any CPU
		{CC137ED5-6CB3-4284-80BF-F4185D242A09}.Release|Any CPU.Build.0 = Release|Any CPU
		{650D01ED-3AB4-420E-AA8D-C3F6DA32C0B9}.Debug|Any CPU.ActiveCfg = Debug|Any CPU
		{650D01ED-3AB4-420E-AA8D-C3F6DA32C0B9}.Debug|Any CPU.Build.0 = Debug|Any CPU
		{650D01ED-3AB4-420E-AA8D-C3F6DA32C0B9}.Release|Any CPU.ActiveCfg = Release|Any CPU
		{650D01ED-3AB4-420E-AA8D-C3F6DA32C0B9}.Release|Any CPU.Build.0 = Release|Any CPU
		{68A49437-E57A-4C89-AFAE-1A5E9E986918}.Debug|Any CPU.ActiveCfg = Debug|Any CPU
		{68A49437-E57A-4C89-AFAE-1A5E9E986918}.Debug|Any CPU.Build.0 = Debug|Any CPU
		{68A49437-E57A-4C89-AFAE-1A5E9E986918}.Release|Any CPU.ActiveCfg = Release|Any CPU
		{68A49437-E57A-4C89-AFAE-1A5E9E986918}.Release|Any CPU.Build.0 = Release|Any CPU
		{BA14994D-C280-421C-B480-A17161993B32}.Debug|Any CPU.ActiveCfg = Debug|Any CPU
		{BA14994D-C280-421C-B480-A17161993B32}.Debug|Any CPU.Build.0 = Debug|Any CPU
		{BA14994D-C280-421C-B480-A17161993B32}.Release|Any CPU.ActiveCfg = Release|Any CPU
		{BA14994D-C280-421C-B480-A17161993B32}.Release|Any CPU.Build.0 = Release|Any CPU
		{37F460F0-5569-4A61-80C3-FC5A196E23D7}.Debug|Any CPU.ActiveCfg = Debug|Any CPU
		{37F460F0-5569-4A61-80C3-FC5A196E23D7}.Debug|Any CPU.Build.0 = Debug|Any CPU
		{37F460F0-5569-4A61-80C3-FC5A196E23D7}.Release|Any CPU.ActiveCfg = Release|Any CPU
		{37F460F0-5569-4A61-80C3-FC5A196E23D7}.Release|Any CPU.Build.0 = Release|Any CPU
		{8B5AA7F2-031C-40F3-BA87-42CFF70AF9E2}.Debug|Any CPU.ActiveCfg = Debug|Any CPU
		{8B5AA7F2-031C-40F3-BA87-42CFF70AF9E2}.Debug|Any CPU.Build.0 = Debug|Any CPU
		{8B5AA7F2-031C-40F3-BA87-42CFF70AF9E2}.Release|Any CPU.ActiveCfg = Release|Any CPU
		{8B5AA7F2-031C-40F3-BA87-42CFF70AF9E2}.Release|Any CPU.Build.0 = Release|Any CPU
	EndGlobalSection
	GlobalSection(SolutionProperties) = preSolution
		HideSolutionNode = FALSE
	EndGlobalSection
EndGlobal
